// !$*UTF8*$!
{
	archiveVersion = 1;
	classes = {
	};
	objectVersion = 55;
	objects = {

/* Begin PBXBuildFile section */
		82C50BF0007F824B5AD7A0A5 /* Pods_DemoProject.framework in Frameworks */ = {isa = PBXBuildFile; fileRef = 62D7804152F22C464BB77C26 /* Pods_DemoProject.framework */; };
		A626DFFA0C2DC30ED672C96E /* Pods_DemoProjectTests.framework in Frameworks */ = {isa = PBXBuildFile; fileRef = CA9CE5EA8A8AD2AA7443EB61 /* Pods_DemoProjectTests.framework */; };
		E13483D129734F95005D0019 /* PickerViewController.swift in Sources */ = {isa = PBXBuildFile; fileRef = E13483D029734F95005D0019 /* PickerViewController.swift */; };
		E13483D329735754005D0019 /* CountryTableViewCell.swift in Sources */ = {isa = PBXBuildFile; fileRef = E13483D229735754005D0019 /* CountryTableViewCell.swift */; };
		E13483D529735827005D0019 /* CountryModel.swift in Sources */ = {isa = PBXBuildFile; fileRef = E13483D429735827005D0019 /* CountryModel.swift */; };
		E13483D72973587D005D0019 /* ResuseIdentifiers.swift in Sources */ = {isa = PBXBuildFile; fileRef = E13483D62973587D005D0019 /* ResuseIdentifiers.swift */; };
		E13483D929735AB6005D0019 /* CountryViewModel.swift in Sources */ = {isa = PBXBuildFile; fileRef = E13483D829735AB6005D0019 /* CountryViewModel.swift */; };
		E13483DB29735C4F005D0019 /* CountryProvider.swift in Sources */ = {isa = PBXBuildFile; fileRef = E13483DA29735C4F005D0019 /* CountryProvider.swift */; };
		E13483DD29735D2E005D0019 /* String+Ext.swift in Sources */ = {isa = PBXBuildFile; fileRef = E13483DC29735D2E005D0019 /* String+Ext.swift */; };
		E13483DF297406E2005D0019 /* PickerViewModel.swift in Sources */ = {isa = PBXBuildFile; fileRef = E13483DE297406E2005D0019 /* PickerViewModel.swift */; };
		E13483E12974797C005D0019 /* HomeProvider.swift in Sources */ = {isa = PBXBuildFile; fileRef = E13483E02974797C005D0019 /* HomeProvider.swift */; };
		E13483E329747EEE005D0019 /* NetworkState.swift in Sources */ = {isa = PBXBuildFile; fileRef = E13483E229747EEE005D0019 /* NetworkState.swift */; };
		E13483E529747F0F005D0019 /* Enums.swift in Sources */ = {isa = PBXBuildFile; fileRef = E13483E429747F0F005D0019 /* Enums.swift */; };
		E13483E729747F3A005D0019 /* APIConstants.swift in Sources */ = {isa = PBXBuildFile; fileRef = E13483E629747F3A005D0019 /* APIConstants.swift */; };
		E13483E9297486F9005D0019 /* LoaderView.swift in Sources */ = {isa = PBXBuildFile; fileRef = E13483E8297486F9005D0019 /* LoaderView.swift */; };
		E13483EB297489CD005D0019 /* BaseViewController.swift in Sources */ = {isa = PBXBuildFile; fileRef = E13483EA297489CD005D0019 /* BaseViewController.swift */; };
		E13483ED29751D8A005D0019 /* SplashViewModel.swift in Sources */ = {isa = PBXBuildFile; fileRef = E13483EC29751D8A005D0019 /* SplashViewModel.swift */; };
		E13483EF29751DD4005D0019 /* UserDefaultsHelper.swift in Sources */ = {isa = PBXBuildFile; fileRef = E13483EE29751DD4005D0019 /* UserDefaultsHelper.swift */; };
		E13483F1297530DC005D0019 /* MKMapView+Ext.swift in Sources */ = {isa = PBXBuildFile; fileRef = E13483F0297530DC005D0019 /* MKMapView+Ext.swift */; };
		E13483F32975349B005D0019 /* UserAnnotation.swift in Sources */ = {isa = PBXBuildFile; fileRef = E13483F22975349B005D0019 /* UserAnnotation.swift */; };
		E13483F529755489005D0019 /* UserMarkerAnnotationView.swift in Sources */ = {isa = PBXBuildFile; fileRef = E13483F429755489005D0019 /* UserMarkerAnnotationView.swift */; };
		E1CFCE1E2971B9C5003A9095 /* AppDelegate.swift in Sources */ = {isa = PBXBuildFile; fileRef = E1CFCE1D2971B9C5003A9095 /* AppDelegate.swift */; };
		E1CFCE202971B9C5003A9095 /* SceneDelegate.swift in Sources */ = {isa = PBXBuildFile; fileRef = E1CFCE1F2971B9C5003A9095 /* SceneDelegate.swift */; };
		E1CFCE222971B9C5003A9095 /* LoginViewController.swift in Sources */ = {isa = PBXBuildFile; fileRef = E1CFCE212971B9C5003A9095 /* LoginViewController.swift */; };
		E1CFCE272971B9C6003A9095 /* Assets.xcassets in Resources */ = {isa = PBXBuildFile; fileRef = E1CFCE262971B9C6003A9095 /* Assets.xcassets */; };
		E1CFCE2A2971B9C6003A9095 /* LaunchScreen.storyboard in Resources */ = {isa = PBXBuildFile; fileRef = E1CFCE282971B9C6003A9095 /* LaunchScreen.storyboard */; };
		E1CFCE352971B9C6003A9095 /* DemoProjectTests.swift in Sources */ = {isa = PBXBuildFile; fileRef = E1CFCE342971B9C6003A9095 /* DemoProjectTests.swift */; };
		E1CFCE3F2971B9C6003A9095 /* DemoProjectUITests.swift in Sources */ = {isa = PBXBuildFile; fileRef = E1CFCE3E2971B9C6003A9095 /* DemoProjectUITests.swift */; };
		E1CFCE412971B9C6003A9095 /* DemoProjectUITestsLaunchTests.swift in Sources */ = {isa = PBXBuildFile; fileRef = E1CFCE402971B9C6003A9095 /* DemoProjectUITestsLaunchTests.swift */; };
		E1CFCE532971BD1A003A9095 /* SplashViewController.swift in Sources */ = {isa = PBXBuildFile; fileRef = E1CFCE522971BD1A003A9095 /* SplashViewController.swift */; };
		E1CFCE562971C09A003A9095 /* StringConstants.swift in Sources */ = {isa = PBXBuildFile; fileRef = E1CFCE552971C09A003A9095 /* StringConstants.swift */; };
		E1CFCE582971C611003A9095 /* HelperFunctions.swift in Sources */ = {isa = PBXBuildFile; fileRef = E1CFCE572971C611003A9095 /* HelperFunctions.swift */; };
		E1CFCE6F2972E354003A9095 /* HomeViewController.swift in Sources */ = {isa = PBXBuildFile; fileRef = E1CFCE6E2972E354003A9095 /* HomeViewController.swift */; };
		E1CFCE712972E372003A9095 /* HomeViewModel.swift in Sources */ = {isa = PBXBuildFile; fileRef = E1CFCE702972E372003A9095 /* HomeViewModel.swift */; };
		E1CFCE732972E381003A9095 /* UserModel.swift in Sources */ = {isa = PBXBuildFile; fileRef = E1CFCE722972E381003A9095 /* UserModel.swift */; };
		E1CFCE752972E56F003A9095 /* UserAddress.swift in Sources */ = {isa = PBXBuildFile; fileRef = E1CFCE742972E56F003A9095 /* UserAddress.swift */; };
		E1CFCE772972E5AB003A9095 /* UserGeoLocation.swift in Sources */ = {isa = PBXBuildFile; fileRef = E1CFCE762972E5AB003A9095 /* UserGeoLocation.swift */; };
		E1CFCE792972E5D1003A9095 /* UserCompany.swift in Sources */ = {isa = PBXBuildFile; fileRef = E1CFCE782972E5D1003A9095 /* UserCompany.swift */; };
		E1CFCE7E2972F93A003A9095 /* DatabaseProvider.swift in Sources */ = {isa = PBXBuildFile; fileRef = E1CFCE7D2972F93A003A9095 /* DatabaseProvider.swift */; };
		E1CFCE812972F9B2003A9095 /* libsqlite3.0.tbd in Frameworks */ = {isa = PBXBuildFile; fileRef = E1CFCE802972F9B2003A9095 /* libsqlite3.0.tbd */; };
		E1CFCE832972FCF0003A9095 /* LoginUser.swift in Sources */ = {isa = PBXBuildFile; fileRef = E1CFCE822972FCF0003A9095 /* LoginUser.swift */; };
		E1CFCE85297308AF003A9095 /* users.db in Resources */ = {isa = PBXBuildFile; fileRef = E1CFCE84297308AF003A9095 /* users.db */; };
		E1CFCE8729732643003A9095 /* LoginViewModel.swift in Sources */ = {isa = PBXBuildFile; fileRef = E1CFCE8629732643003A9095 /* LoginViewModel.swift */; };
		F3423A7956DF0DC2BD6A66CD /* Pods_DemoProjectUITests.framework in Frameworks */ = {isa = PBXBuildFile; fileRef = 73BE2F02A8127CB209D0EDA4 /* Pods_DemoProjectUITests.framework */; };
/* End PBXBuildFile section */

/* Begin PBXContainerItemProxy section */
		E1CFCE312971B9C6003A9095 /* PBXContainerItemProxy */ = {
			isa = PBXContainerItemProxy;
			containerPortal = E1CFCE122971B9C5003A9095 /* Project object */;
			proxyType = 1;
			remoteGlobalIDString = E1CFCE192971B9C5003A9095;
			remoteInfo = DemoProject;
		};
		E1CFCE3B2971B9C6003A9095 /* PBXContainerItemProxy */ = {
			isa = PBXContainerItemProxy;
			containerPortal = E1CFCE122971B9C5003A9095 /* Project object */;
			proxyType = 1;
			remoteGlobalIDString = E1CFCE192971B9C5003A9095;
			remoteInfo = DemoProject;
		};
/* End PBXContainerItemProxy section */

/* Begin PBXFileReference section */
		271785EED26851080AE6FBA4 /* Pods-DemoProjectUITests.release.xcconfig */ = {isa = PBXFileReference; includeInIndex = 1; lastKnownFileType = text.xcconfig; name = "Pods-DemoProjectUITests.release.xcconfig"; path = "Target Support Files/Pods-DemoProjectUITests/Pods-DemoProjectUITests.release.xcconfig"; sourceTree = "<group>"; };
		62D7804152F22C464BB77C26 /* Pods_DemoProject.framework */ = {isa = PBXFileReference; explicitFileType = wrapper.framework; includeInIndex = 0; path = Pods_DemoProject.framework; sourceTree = BUILT_PRODUCTS_DIR; };
		6C6610221A436AC114692CF2 /* Pods-DemoProjectTests.debug.xcconfig */ = {isa = PBXFileReference; includeInIndex = 1; lastKnownFileType = text.xcconfig; name = "Pods-DemoProjectTests.debug.xcconfig"; path = "Target Support Files/Pods-DemoProjectTests/Pods-DemoProjectTests.debug.xcconfig"; sourceTree = "<group>"; };
		6E6CDDDB72D6B65D0DA0FA70 /* Pods-DemoProjectUITests.debug.xcconfig */ = {isa = PBXFileReference; includeInIndex = 1; lastKnownFileType = text.xcconfig; name = "Pods-DemoProjectUITests.debug.xcconfig"; path = "Target Support Files/Pods-DemoProjectUITests/Pods-DemoProjectUITests.debug.xcconfig"; sourceTree = "<group>"; };
		73BE2F02A8127CB209D0EDA4 /* Pods_DemoProjectUITests.framework */ = {isa = PBXFileReference; explicitFileType = wrapper.framework; includeInIndex = 0; path = Pods_DemoProjectUITests.framework; sourceTree = BUILT_PRODUCTS_DIR; };
		CA9CE5EA8A8AD2AA7443EB61 /* Pods_DemoProjectTests.framework */ = {isa = PBXFileReference; explicitFileType = wrapper.framework; includeInIndex = 0; path = Pods_DemoProjectTests.framework; sourceTree = BUILT_PRODUCTS_DIR; };
		E13483D029734F95005D0019 /* PickerViewController.swift */ = {isa = PBXFileReference; lastKnownFileType = sourcecode.swift; path = PickerViewController.swift; sourceTree = "<group>"; };
		E13483D229735754005D0019 /* CountryTableViewCell.swift */ = {isa = PBXFileReference; lastKnownFileType = sourcecode.swift; path = CountryTableViewCell.swift; sourceTree = "<group>"; };
		E13483D429735827005D0019 /* CountryModel.swift */ = {isa = PBXFileReference; lastKnownFileType = sourcecode.swift; path = CountryModel.swift; sourceTree = "<group>"; };
		E13483D62973587D005D0019 /* ResuseIdentifiers.swift */ = {isa = PBXFileReference; lastKnownFileType = sourcecode.swift; path = ResuseIdentifiers.swift; sourceTree = "<group>"; };
		E13483D829735AB6005D0019 /* CountryViewModel.swift */ = {isa = PBXFileReference; lastKnownFileType = sourcecode.swift; path = CountryViewModel.swift; sourceTree = "<group>"; };
		E13483DA29735C4F005D0019 /* CountryProvider.swift */ = {isa = PBXFileReference; lastKnownFileType = sourcecode.swift; path = CountryProvider.swift; sourceTree = "<group>"; };
		E13483DC29735D2E005D0019 /* String+Ext.swift */ = {isa = PBXFileReference; lastKnownFileType = sourcecode.swift; path = "String+Ext.swift"; sourceTree = "<group>"; };
		E13483DE297406E2005D0019 /* PickerViewModel.swift */ = {isa = PBXFileReference; lastKnownFileType = sourcecode.swift; path = PickerViewModel.swift; sourceTree = "<group>"; };
		E13483E02974797C005D0019 /* HomeProvider.swift */ = {isa = PBXFileReference; lastKnownFileType = sourcecode.swift; path = HomeProvider.swift; sourceTree = "<group>"; };
		E13483E229747EEE005D0019 /* NetworkState.swift */ = {isa = PBXFileReference; lastKnownFileType = sourcecode.swift; path = NetworkState.swift; sourceTree = "<group>"; };
		E13483E429747F0F005D0019 /* Enums.swift */ = {isa = PBXFileReference; lastKnownFileType = sourcecode.swift; path = Enums.swift; sourceTree = "<group>"; };
		E13483E629747F3A005D0019 /* APIConstants.swift */ = {isa = PBXFileReference; lastKnownFileType = sourcecode.swift; path = APIConstants.swift; sourceTree = "<group>"; };
		E13483E8297486F9005D0019 /* LoaderView.swift */ = {isa = PBXFileReference; lastKnownFileType = sourcecode.swift; path = LoaderView.swift; sourceTree = "<group>"; };
		E13483EA297489CD005D0019 /* BaseViewController.swift */ = {isa = PBXFileReference; lastKnownFileType = sourcecode.swift; path = BaseViewController.swift; sourceTree = "<group>"; };
		E13483EC29751D8A005D0019 /* SplashViewModel.swift */ = {isa = PBXFileReference; lastKnownFileType = sourcecode.swift; path = SplashViewModel.swift; sourceTree = "<group>"; };
		E13483EE29751DD4005D0019 /* UserDefaultsHelper.swift */ = {isa = PBXFileReference; lastKnownFileType = sourcecode.swift; path = UserDefaultsHelper.swift; sourceTree = "<group>"; };
		E13483F0297530DC005D0019 /* MKMapView+Ext.swift */ = {isa = PBXFileReference; lastKnownFileType = sourcecode.swift; path = "MKMapView+Ext.swift"; sourceTree = "<group>"; };
		E13483F22975349B005D0019 /* UserAnnotation.swift */ = {isa = PBXFileReference; lastKnownFileType = sourcecode.swift; path = UserAnnotation.swift; sourceTree = "<group>"; };
		E13483F429755489005D0019 /* UserMarkerAnnotationView.swift */ = {isa = PBXFileReference; lastKnownFileType = sourcecode.swift; path = UserMarkerAnnotationView.swift; sourceTree = "<group>"; };
		E1CFCE1A2971B9C5003A9095 /* DemoProject.app */ = {isa = PBXFileReference; explicitFileType = wrapper.application; includeInIndex = 0; path = DemoProject.app; sourceTree = BUILT_PRODUCTS_DIR; };
		E1CFCE1D2971B9C5003A9095 /* AppDelegate.swift */ = {isa = PBXFileReference; lastKnownFileType = sourcecode.swift; path = AppDelegate.swift; sourceTree = "<group>"; };
		E1CFCE1F2971B9C5003A9095 /* SceneDelegate.swift */ = {isa = PBXFileReference; lastKnownFileType = sourcecode.swift; path = SceneDelegate.swift; sourceTree = "<group>"; };
		E1CFCE212971B9C5003A9095 /* LoginViewController.swift */ = {isa = PBXFileReference; lastKnownFileType = sourcecode.swift; path = LoginViewController.swift; sourceTree = "<group>"; };
		E1CFCE262971B9C6003A9095 /* Assets.xcassets */ = {isa = PBXFileReference; lastKnownFileType = folder.assetcatalog; path = Assets.xcassets; sourceTree = "<group>"; };
		E1CFCE292971B9C6003A9095 /* Base */ = {isa = PBXFileReference; lastKnownFileType = file.storyboard; name = Base; path = Base.lproj/LaunchScreen.storyboard; sourceTree = "<group>"; };
		E1CFCE2B2971B9C6003A9095 /* Info.plist */ = {isa = PBXFileReference; lastKnownFileType = text.plist.xml; path = Info.plist; sourceTree = "<group>"; };
		E1CFCE302971B9C6003A9095 /* DemoProjectTests.xctest */ = {isa = PBXFileReference; explicitFileType = wrapper.cfbundle; includeInIndex = 0; path = DemoProjectTests.xctest; sourceTree = BUILT_PRODUCTS_DIR; };
		E1CFCE342971B9C6003A9095 /* DemoProjectTests.swift */ = {isa = PBXFileReference; lastKnownFileType = sourcecode.swift; path = DemoProjectTests.swift; sourceTree = "<group>"; };
		E1CFCE3A2971B9C6003A9095 /* DemoProjectUITests.xctest */ = {isa = PBXFileReference; explicitFileType = wrapper.cfbundle; includeInIndex = 0; path = DemoProjectUITests.xctest; sourceTree = BUILT_PRODUCTS_DIR; };
		E1CFCE3E2971B9C6003A9095 /* DemoProjectUITests.swift */ = {isa = PBXFileReference; lastKnownFileType = sourcecode.swift; path = DemoProjectUITests.swift; sourceTree = "<group>"; };
		E1CFCE402971B9C6003A9095 /* DemoProjectUITestsLaunchTests.swift */ = {isa = PBXFileReference; lastKnownFileType = sourcecode.swift; path = DemoProjectUITestsLaunchTests.swift; sourceTree = "<group>"; };
		E1CFCE522971BD1A003A9095 /* SplashViewController.swift */ = {isa = PBXFileReference; lastKnownFileType = sourcecode.swift; path = SplashViewController.swift; sourceTree = "<group>"; };
		E1CFCE552971C09A003A9095 /* StringConstants.swift */ = {isa = PBXFileReference; lastKnownFileType = sourcecode.swift; path = StringConstants.swift; sourceTree = "<group>"; };
		E1CFCE572971C611003A9095 /* HelperFunctions.swift */ = {isa = PBXFileReference; lastKnownFileType = sourcecode.swift; path = HelperFunctions.swift; sourceTree = "<group>"; };
		E1CFCE6E2972E354003A9095 /* HomeViewController.swift */ = {isa = PBXFileReference; lastKnownFileType = sourcecode.swift; path = HomeViewController.swift; sourceTree = "<group>"; };
		E1CFCE702972E372003A9095 /* HomeViewModel.swift */ = {isa = PBXFileReference; lastKnownFileType = sourcecode.swift; path = HomeViewModel.swift; sourceTree = "<group>"; };
		E1CFCE722972E381003A9095 /* UserModel.swift */ = {isa = PBXFileReference; lastKnownFileType = sourcecode.swift; path = UserModel.swift; sourceTree = "<group>"; };
		E1CFCE742972E56F003A9095 /* UserAddress.swift */ = {isa = PBXFileReference; lastKnownFileType = sourcecode.swift; path = UserAddress.swift; sourceTree = "<group>"; };
		E1CFCE762972E5AB003A9095 /* UserGeoLocation.swift */ = {isa = PBXFileReference; lastKnownFileType = sourcecode.swift; path = UserGeoLocation.swift; sourceTree = "<group>"; };
		E1CFCE782972E5D1003A9095 /* UserCompany.swift */ = {isa = PBXFileReference; lastKnownFileType = sourcecode.swift; path = UserCompany.swift; sourceTree = "<group>"; };
		E1CFCE7D2972F93A003A9095 /* DatabaseProvider.swift */ = {isa = PBXFileReference; lastKnownFileType = sourcecode.swift; path = DatabaseProvider.swift; sourceTree = "<group>"; };
		E1CFCE802972F9B2003A9095 /* libsqlite3.0.tbd */ = {isa = PBXFileReference; lastKnownFileType = "sourcecode.text-based-dylib-definition"; name = libsqlite3.0.tbd; path = usr/lib/libsqlite3.0.tbd; sourceTree = SDKROOT; };
		E1CFCE822972FCF0003A9095 /* LoginUser.swift */ = {isa = PBXFileReference; lastKnownFileType = sourcecode.swift; path = LoginUser.swift; sourceTree = "<group>"; };
		E1CFCE84297308AF003A9095 /* users.db */ = {isa = PBXFileReference; lastKnownFileType = file; path = users.db; sourceTree = "<group>"; };
		E1CFCE8629732643003A9095 /* LoginViewModel.swift */ = {isa = PBXFileReference; lastKnownFileType = sourcecode.swift; path = LoginViewModel.swift; sourceTree = "<group>"; };
		F1FC5420470D3B4A20CECA4F /* Pods-DemoProject.release.xcconfig */ = {isa = PBXFileReference; includeInIndex = 1; lastKnownFileType = text.xcconfig; name = "Pods-DemoProject.release.xcconfig"; path = "Target Support Files/Pods-DemoProject/Pods-DemoProject.release.xcconfig"; sourceTree = "<group>"; };
		F45BCD8878F5F831597C26D4 /* Pods-DemoProjectTests.release.xcconfig */ = {isa = PBXFileReference; includeInIndex = 1; lastKnownFileType = text.xcconfig; name = "Pods-DemoProjectTests.release.xcconfig"; path = "Target Support Files/Pods-DemoProjectTests/Pods-DemoProjectTests.release.xcconfig"; sourceTree = "<group>"; };
		F5C7E69F5F92A4135D15F195 /* Pods-DemoProject.debug.xcconfig */ = {isa = PBXFileReference; includeInIndex = 1; lastKnownFileType = text.xcconfig; name = "Pods-DemoProject.debug.xcconfig"; path = "Target Support Files/Pods-DemoProject/Pods-DemoProject.debug.xcconfig"; sourceTree = "<group>"; };
/* End PBXFileReference section */

/* Begin PBXFrameworksBuildPhase section */
		E1CFCE172971B9C5003A9095 /* Frameworks */ = {
			isa = PBXFrameworksBuildPhase;
			buildActionMask = 2147483647;
			files = (
				E1CFCE812972F9B2003A9095 /* libsqlite3.0.tbd in Frameworks */,
				82C50BF0007F824B5AD7A0A5 /* Pods_DemoProject.framework in Frameworks */,
			);
			runOnlyForDeploymentPostprocessing = 0;
		};
		E1CFCE2D2971B9C6003A9095 /* Frameworks */ = {
			isa = PBXFrameworksBuildPhase;
			buildActionMask = 2147483647;
			files = (
				A626DFFA0C2DC30ED672C96E /* Pods_DemoProjectTests.framework in Frameworks */,
			);
			runOnlyForDeploymentPostprocessing = 0;
		};
		E1CFCE372971B9C6003A9095 /* Frameworks */ = {
			isa = PBXFrameworksBuildPhase;
			buildActionMask = 2147483647;
			files = (
				F3423A7956DF0DC2BD6A66CD /* Pods_DemoProjectUITests.framework in Frameworks */,
			);
			runOnlyForDeploymentPostprocessing = 0;
		};
/* End PBXFrameworksBuildPhase section */

/* Begin PBXGroup section */
		02E8B5F4D9E1C6A38772B8EF /* Pods */ = {
			isa = PBXGroup;
			children = (
				F5C7E69F5F92A4135D15F195 /* Pods-DemoProject.debug.xcconfig */,
				F1FC5420470D3B4A20CECA4F /* Pods-DemoProject.release.xcconfig */,
				6C6610221A436AC114692CF2 /* Pods-DemoProjectTests.debug.xcconfig */,
				F45BCD8878F5F831597C26D4 /* Pods-DemoProjectTests.release.xcconfig */,
				6E6CDDDB72D6B65D0DA0FA70 /* Pods-DemoProjectUITests.debug.xcconfig */,
				271785EED26851080AE6FBA4 /* Pods-DemoProjectUITests.release.xcconfig */,
			);
			path = Pods;
			sourceTree = "<group>";
		};
		E1CFCE112971B9C5003A9095 = {
			isa = PBXGroup;
			children = (
				E1CFCE1C2971B9C5003A9095 /* DemoProject */,
				E1CFCE332971B9C6003A9095 /* DemoProjectTests */,
				E1CFCE3D2971B9C6003A9095 /* DemoProjectUITests */,
				E1CFCE1B2971B9C5003A9095 /* Products */,
				E1CFCE7F2972F9B2003A9095 /* Frameworks */,
				02E8B5F4D9E1C6A38772B8EF /* Pods */,
			);
			sourceTree = "<group>";
		};
		E1CFCE1B2971B9C5003A9095 /* Products */ = {
			isa = PBXGroup;
			children = (
				E1CFCE1A2971B9C5003A9095 /* DemoProject.app */,
				E1CFCE302971B9C6003A9095 /* DemoProjectTests.xctest */,
				E1CFCE3A2971B9C6003A9095 /* DemoProjectUITests.xctest */,
			);
			name = Products;
			sourceTree = "<group>";
		};
		E1CFCE1C2971B9C5003A9095 /* DemoProject */ = {
			isa = PBXGroup;
			children = (
				E1CFCE7C2972F908003A9095 /* Network And Data */,
				E1CFCE542971C08D003A9095 /* Utils */,
				E1CFCE512971BBD1003A9095 /* View */,
				E1CFCE502971BBC4003A9095 /* Controller */,
				E1CFCE4F2971BBB9003A9095 /* ViewModel */,
				E1CFCE4D2971BBA9003A9095 /* Model */,
				E1CFCE1D2971B9C5003A9095 /* AppDelegate.swift */,
				E1CFCE1F2971B9C5003A9095 /* SceneDelegate.swift */,
				E1CFCE262971B9C6003A9095 /* Assets.xcassets */,
				E1CFCE282971B9C6003A9095 /* LaunchScreen.storyboard */,
				E1CFCE2B2971B9C6003A9095 /* Info.plist */,
				E1CFCE84297308AF003A9095 /* users.db */,
			);
			path = DemoProject;
			sourceTree = "<group>";
		};
		E1CFCE332971B9C6003A9095 /* DemoProjectTests */ = {
			isa = PBXGroup;
			children = (
				E1CFCE342971B9C6003A9095 /* DemoProjectTests.swift */,
			);
			path = DemoProjectTests;
			sourceTree = "<group>";
		};
		E1CFCE3D2971B9C6003A9095 /* DemoProjectUITests */ = {
			isa = PBXGroup;
			children = (
				E1CFCE3E2971B9C6003A9095 /* DemoProjectUITests.swift */,
				E1CFCE402971B9C6003A9095 /* DemoProjectUITestsLaunchTests.swift */,
			);
			path = DemoProjectUITests;
			sourceTree = "<group>";
		};
		E1CFCE4D2971BBA9003A9095 /* Model */ = {
			isa = PBXGroup;
			children = (
				E13483D429735827005D0019 /* CountryModel.swift */,
				E1CFCE722972E381003A9095 /* UserModel.swift */,
				E1CFCE742972E56F003A9095 /* UserAddress.swift */,
				E1CFCE762972E5AB003A9095 /* UserGeoLocation.swift */,
				E1CFCE782972E5D1003A9095 /* UserCompany.swift */,
				E1CFCE822972FCF0003A9095 /* LoginUser.swift */,
				E13483F22975349B005D0019 /* UserAnnotation.swift */,
			);
			path = Model;
			sourceTree = "<group>";
		};
		E1CFCE4F2971BBB9003A9095 /* ViewModel */ = {
			isa = PBXGroup;
			children = (
				E1CFCE702972E372003A9095 /* HomeViewModel.swift */,
				E1CFCE8629732643003A9095 /* LoginViewModel.swift */,
				E13483D829735AB6005D0019 /* CountryViewModel.swift */,
				E13483DE297406E2005D0019 /* PickerViewModel.swift */,
				E13483EC29751D8A005D0019 /* SplashViewModel.swift */,
			);
			path = ViewModel;
			sourceTree = "<group>";
		};
		E1CFCE502971BBC4003A9095 /* Controller */ = {
			isa = PBXGroup;
			children = (
				E1CFCE212971B9C5003A9095 /* LoginViewController.swift */,
				E1CFCE522971BD1A003A9095 /* SplashViewController.swift */,
				E1CFCE6E2972E354003A9095 /* HomeViewController.swift */,
				E13483D029734F95005D0019 /* PickerViewController.swift */,
				E13483EA297489CD005D0019 /* BaseViewController.swift */,
			);
			path = Controller;
			sourceTree = "<group>";
		};
		E1CFCE512971BBD1003A9095 /* View */ = {
			isa = PBXGroup;
			children = (
				E13483D229735754005D0019 /* CountryTableViewCell.swift */,
				E13483E8297486F9005D0019 /* LoaderView.swift */,
				E13483F0297530DC005D0019 /* MKMapView+Ext.swift */,
				E13483F429755489005D0019 /* UserMarkerAnnotationView.swift */,
			);
			path = View;
			sourceTree = "<group>";
		};
		E1CFCE542971C08D003A9095 /* Utils */ = {
			isa = PBXGroup;
			children = (
				E1CFCE552971C09A003A9095 /* StringConstants.swift */,
				E1CFCE572971C611003A9095 /* HelperFunctions.swift */,
				E13483D62973587D005D0019 /* ResuseIdentifiers.swift */,
				E13483DC29735D2E005D0019 /* String+Ext.swift */,
				E13483E229747EEE005D0019 /* NetworkState.swift */,
				E13483E429747F0F005D0019 /* Enums.swift */,
				E13483E629747F3A005D0019 /* APIConstants.swift */,
				E13483EE29751DD4005D0019 /* UserDefaultsHelper.swift */,
			);
			path = Utils;
			sourceTree = "<group>";
		};
		E1CFCE7C2972F908003A9095 /* Network And Data */ = {
			isa = PBXGroup;
			children = (
				E1CFCE7D2972F93A003A9095 /* DatabaseProvider.swift */,
				E13483DA29735C4F005D0019 /* CountryProvider.swift */,
				E13483E02974797C005D0019 /* HomeProvider.swift */,
			);
			path = "Network And Data";
			sourceTree = "<group>";
		};
		E1CFCE7F2972F9B2003A9095 /* Frameworks */ = {
			isa = PBXGroup;
			children = (
				E1CFCE802972F9B2003A9095 /* libsqlite3.0.tbd */,
				62D7804152F22C464BB77C26 /* Pods_DemoProject.framework */,
				CA9CE5EA8A8AD2AA7443EB61 /* Pods_DemoProjectTests.framework */,
				73BE2F02A8127CB209D0EDA4 /* Pods_DemoProjectUITests.framework */,
			);
			name = Frameworks;
			sourceTree = "<group>";
		};
/* End PBXGroup section */

/* Begin PBXNativeTarget section */
		E1CFCE192971B9C5003A9095 /* DemoProject */ = {
			isa = PBXNativeTarget;
			buildConfigurationList = E1CFCE442971B9C6003A9095 /* Build configuration list for PBXNativeTarget "DemoProject" */;
			buildPhases = (
				00079C0F75F236611A8871AF /* [CP] Check Pods Manifest.lock */,
				E1CFCE162971B9C5003A9095 /* Sources */,
				E1CFCE172971B9C5003A9095 /* Frameworks */,
				E1CFCE182971B9C5003A9095 /* Resources */,
				6F9F5B66C70BE9B751AE4C1D /* [CP] Embed Pods Frameworks */,
			);
			buildRules = (
			);
			dependencies = (
			);
			name = DemoProject;
			productName = DemoProject;
			productReference = E1CFCE1A2971B9C5003A9095 /* DemoProject.app */;
			productType = "com.apple.product-type.application";
		};
		E1CFCE2F2971B9C6003A9095 /* DemoProjectTests */ = {
			isa = PBXNativeTarget;
			buildConfigurationList = E1CFCE472971B9C6003A9095 /* Build configuration list for PBXNativeTarget "DemoProjectTests" */;
			buildPhases = (
				760833D01CEBFCDFE0554AAF /* [CP] Check Pods Manifest.lock */,
				E1CFCE2C2971B9C6003A9095 /* Sources */,
				E1CFCE2D2971B9C6003A9095 /* Frameworks */,
				E1CFCE2E2971B9C6003A9095 /* Resources */,
			);
			buildRules = (
			);
			dependencies = (
				E1CFCE322971B9C6003A9095 /* PBXTargetDependency */,
			);
			name = DemoProjectTests;
			productName = DemoProjectTests;
			productReference = E1CFCE302971B9C6003A9095 /* DemoProjectTests.xctest */;
			productType = "com.apple.product-type.bundle.unit-test";
		};
		E1CFCE392971B9C6003A9095 /* DemoProjectUITests */ = {
			isa = PBXNativeTarget;
			buildConfigurationList = E1CFCE4A2971B9C6003A9095 /* Build configuration list for PBXNativeTarget "DemoProjectUITests" */;
			buildPhases = (
				7337EF8BEB9C34B13060EDEB /* [CP] Check Pods Manifest.lock */,
				E1CFCE362971B9C6003A9095 /* Sources */,
				E1CFCE372971B9C6003A9095 /* Frameworks */,
				E1CFCE382971B9C6003A9095 /* Resources */,
			);
			buildRules = (
			);
			dependencies = (
				E1CFCE3C2971B9C6003A9095 /* PBXTargetDependency */,
			);
			name = DemoProjectUITests;
			productName = DemoProjectUITests;
			productReference = E1CFCE3A2971B9C6003A9095 /* DemoProjectUITests.xctest */;
			productType = "com.apple.product-type.bundle.ui-testing";
		};
/* End PBXNativeTarget section */

/* Begin PBXProject section */
		E1CFCE122971B9C5003A9095 /* Project object */ = {
			isa = PBXProject;
			attributes = {
				BuildIndependentTargetsInParallel = 1;
				LastSwiftUpdateCheck = 1340;
				LastUpgradeCheck = 1340;
				TargetAttributes = {
					E1CFCE192971B9C5003A9095 = {
						CreatedOnToolsVersion = 13.4.1;
					};
					E1CFCE2F2971B9C6003A9095 = {
						CreatedOnToolsVersion = 13.4.1;
						TestTargetID = E1CFCE192971B9C5003A9095;
					};
					E1CFCE392971B9C6003A9095 = {
						CreatedOnToolsVersion = 13.4.1;
						TestTargetID = E1CFCE192971B9C5003A9095;
					};
				};
			};
			buildConfigurationList = E1CFCE152971B9C5003A9095 /* Build configuration list for PBXProject "DemoProject" */;
			compatibilityVersion = "Xcode 13.0";
			developmentRegion = en;
			hasScannedForEncodings = 0;
			knownRegions = (
				en,
				Base,
			);
			mainGroup = E1CFCE112971B9C5003A9095;
			productRefGroup = E1CFCE1B2971B9C5003A9095 /* Products */;
			projectDirPath = "";
			projectRoot = "";
			targets = (
				E1CFCE192971B9C5003A9095 /* DemoProject */,
				E1CFCE2F2971B9C6003A9095 /* DemoProjectTests */,
				E1CFCE392971B9C6003A9095 /* DemoProjectUITests */,
			);
		};
/* End PBXProject section */

/* Begin PBXResourcesBuildPhase section */
		E1CFCE182971B9C5003A9095 /* Resources */ = {
			isa = PBXResourcesBuildPhase;
			buildActionMask = 2147483647;
			files = (
				E1CFCE85297308AF003A9095 /* users.db in Resources */,
				E1CFCE2A2971B9C6003A9095 /* LaunchScreen.storyboard in Resources */,
				E1CFCE272971B9C6003A9095 /* Assets.xcassets in Resources */,
			);
			runOnlyForDeploymentPostprocessing = 0;
		};
		E1CFCE2E2971B9C6003A9095 /* Resources */ = {
			isa = PBXResourcesBuildPhase;
			buildActionMask = 2147483647;
			files = (
			);
			runOnlyForDeploymentPostprocessing = 0;
		};
		E1CFCE382971B9C6003A9095 /* Resources */ = {
			isa = PBXResourcesBuildPhase;
			buildActionMask = 2147483647;
			files = (
			);
			runOnlyForDeploymentPostprocessing = 0;
		};
/* End PBXResourcesBuildPhase section */

/* Begin PBXShellScriptBuildPhase section */
		00079C0F75F236611A8871AF /* [CP] Check Pods Manifest.lock */ = {
			isa = PBXShellScriptBuildPhase;
			buildActionMask = 2147483647;
			files = (
			);
			inputFileListPaths = (
			);
			inputPaths = (
				"${PODS_PODFILE_DIR_PATH}/Podfile.lock",
				"${PODS_ROOT}/Manifest.lock",
			);
			name = "[CP] Check Pods Manifest.lock";
			outputFileListPaths = (
			);
			outputPaths = (
				"$(DERIVED_FILE_DIR)/Pods-DemoProject-checkManifestLockResult.txt",
			);
			runOnlyForDeploymentPostprocessing = 0;
			shellPath = /bin/sh;
			shellScript = "diff \"${PODS_PODFILE_DIR_PATH}/Podfile.lock\" \"${PODS_ROOT}/Manifest.lock\" > /dev/null\nif [ $? != 0 ] ; then\n    # print error to STDERR\n    echo \"error: The sandbox is not in sync with the Podfile.lock. Run 'pod install' or update your CocoaPods installation.\" >&2\n    exit 1\nfi\n# This output is used by Xcode 'outputs' to avoid re-running this script phase.\necho \"SUCCESS\" > \"${SCRIPT_OUTPUT_FILE_0}\"\n";
			showEnvVarsInLog = 0;
		};
		6F9F5B66C70BE9B751AE4C1D /* [CP] Embed Pods Frameworks */ = {
			isa = PBXShellScriptBuildPhase;
			buildActionMask = 2147483647;
			files = (
			);
			inputFileListPaths = (
				"${PODS_ROOT}/Target Support Files/Pods-DemoProject/Pods-DemoProject-frameworks-${CONFIGURATION}-input-files.xcfilelist",
			);
			name = "[CP] Embed Pods Frameworks";
			outputFileListPaths = (
				"${PODS_ROOT}/Target Support Files/Pods-DemoProject/Pods-DemoProject-frameworks-${CONFIGURATION}-output-files.xcfilelist",
			);
			runOnlyForDeploymentPostprocessing = 0;
			shellPath = /bin/sh;
			shellScript = "\"${PODS_ROOT}/Target Support Files/Pods-DemoProject/Pods-DemoProject-frameworks.sh\"\n";
			showEnvVarsInLog = 0;
		};
		7337EF8BEB9C34B13060EDEB /* [CP] Check Pods Manifest.lock */ = {
			isa = PBXShellScriptBuildPhase;
			buildActionMask = 2147483647;
			files = (
			);
			inputFileListPaths = (
			);
			inputPaths = (
				"${PODS_PODFILE_DIR_PATH}/Podfile.lock",
				"${PODS_ROOT}/Manifest.lock",
			);
			name = "[CP] Check Pods Manifest.lock";
			outputFileListPaths = (
			);
			outputPaths = (
				"$(DERIVED_FILE_DIR)/Pods-DemoProjectUITests-checkManifestLockResult.txt",
			);
			runOnlyForDeploymentPostprocessing = 0;
			shellPath = /bin/sh;
			shellScript = "diff \"${PODS_PODFILE_DIR_PATH}/Podfile.lock\" \"${PODS_ROOT}/Manifest.lock\" > /dev/null\nif [ $? != 0 ] ; then\n    # print error to STDERR\n    echo \"error: The sandbox is not in sync with the Podfile.lock. Run 'pod install' or update your CocoaPods installation.\" >&2\n    exit 1\nfi\n# This output is used by Xcode 'outputs' to avoid re-running this script phase.\necho \"SUCCESS\" > \"${SCRIPT_OUTPUT_FILE_0}\"\n";
			showEnvVarsInLog = 0;
		};
		760833D01CEBFCDFE0554AAF /* [CP] Check Pods Manifest.lock */ = {
			isa = PBXShellScriptBuildPhase;
			buildActionMask = 2147483647;
			files = (
			);
			inputFileListPaths = (
			);
			inputPaths = (
				"${PODS_PODFILE_DIR_PATH}/Podfile.lock",
				"${PODS_ROOT}/Manifest.lock",
			);
			name = "[CP] Check Pods Manifest.lock";
			outputFileListPaths = (
			);
			outputPaths = (
				"$(DERIVED_FILE_DIR)/Pods-DemoProjectTests-checkManifestLockResult.txt",
			);
			runOnlyForDeploymentPostprocessing = 0;
			shellPath = /bin/sh;
			shellScript = "diff \"${PODS_PODFILE_DIR_PATH}/Podfile.lock\" \"${PODS_ROOT}/Manifest.lock\" > /dev/null\nif [ $? != 0 ] ; then\n    # print error to STDERR\n    echo \"error: The sandbox is not in sync with the Podfile.lock. Run 'pod install' or update your CocoaPods installation.\" >&2\n    exit 1\nfi\n# This output is used by Xcode 'outputs' to avoid re-running this script phase.\necho \"SUCCESS\" > \"${SCRIPT_OUTPUT_FILE_0}\"\n";
			showEnvVarsInLog = 0;
		};
/* End PBXShellScriptBuildPhase section */

/* Begin PBXSourcesBuildPhase section */
		E1CFCE162971B9C5003A9095 /* Sources */ = {
			isa = PBXSourcesBuildPhase;
			buildActionMask = 2147483647;
			files = (
				E1CFCE832972FCF0003A9095 /* LoginUser.swift in Sources */,
				E1CFCE562971C09A003A9095 /* StringConstants.swift in Sources */,
				E13483D529735827005D0019 /* CountryModel.swift in Sources */,
				E13483D72973587D005D0019 /* ResuseIdentifiers.swift in Sources */,
				E13483E329747EEE005D0019 /* NetworkState.swift in Sources */,
				E13483D129734F95005D0019 /* PickerViewController.swift in Sources */,
				E13483F529755489005D0019 /* UserMarkerAnnotationView.swift in Sources */,
				E13483F32975349B005D0019 /* UserAnnotation.swift in Sources */,
				E1CFCE7E2972F93A003A9095 /* DatabaseProvider.swift in Sources */,
				E13483DB29735C4F005D0019 /* CountryProvider.swift in Sources */,
				E1CFCE222971B9C5003A9095 /* LoginViewController.swift in Sources */,
				E1CFCE1E2971B9C5003A9095 /* AppDelegate.swift in Sources */,
				E13483E12974797C005D0019 /* HomeProvider.swift in Sources */,
				E13483D329735754005D0019 /* CountryTableViewCell.swift in Sources */,
				E13483DD29735D2E005D0019 /* String+Ext.swift in Sources */,
				E13483D929735AB6005D0019 /* CountryViewModel.swift in Sources */,
				E1CFCE712972E372003A9095 /* HomeViewModel.swift in Sources */,
				E13483ED29751D8A005D0019 /* SplashViewModel.swift in Sources */,
				E1CFCE202971B9C5003A9095 /* SceneDelegate.swift in Sources */,
				E1CFCE532971BD1A003A9095 /* SplashViewController.swift in Sources */,
				E13483E9297486F9005D0019 /* LoaderView.swift in Sources */,
				E1CFCE8729732643003A9095 /* LoginViewModel.swift in Sources */,
				E1CFCE792972E5D1003A9095 /* UserCompany.swift in Sources */,
				E1CFCE6F2972E354003A9095 /* HomeViewController.swift in Sources */,
				E13483E529747F0F005D0019 /* Enums.swift in Sources */,
				E13483DF297406E2005D0019 /* PickerViewModel.swift in Sources */,
				E13483EF29751DD4005D0019 /* UserDefaultsHelper.swift in Sources */,
				E1CFCE772972E5AB003A9095 /* UserGeoLocation.swift in Sources */,
				E13483E729747F3A005D0019 /* APIConstants.swift in Sources */,
				E13483F1297530DC005D0019 /* MKMapView+Ext.swift in Sources */,
				E1CFCE732972E381003A9095 /* UserModel.swift in Sources */,
				E1CFCE582971C611003A9095 /* HelperFunctions.swift in Sources */,
				E1CFCE752972E56F003A9095 /* UserAddress.swift in Sources */,
				E13483EB297489CD005D0019 /* BaseViewController.swift in Sources */,
			);
			runOnlyForDeploymentPostprocessing = 0;
		};
		E1CFCE2C2971B9C6003A9095 /* Sources */ = {
			isa = PBXSourcesBuildPhase;
			buildActionMask = 2147483647;
			files = (
				E1CFCE352971B9C6003A9095 /* DemoProjectTests.swift in Sources */,
			);
			runOnlyForDeploymentPostprocessing = 0;
		};
		E1CFCE362971B9C6003A9095 /* Sources */ = {
			isa = PBXSourcesBuildPhase;
			buildActionMask = 2147483647;
			files = (
				E1CFCE3F2971B9C6003A9095 /* DemoProjectUITests.swift in Sources */,
				E1CFCE412971B9C6003A9095 /* DemoProjectUITestsLaunchTests.swift in Sources */,
			);
			runOnlyForDeploymentPostprocessing = 0;
		};
/* End PBXSourcesBuildPhase section */

/* Begin PBXTargetDependency section */
		E1CFCE322971B9C6003A9095 /* PBXTargetDependency */ = {
			isa = PBXTargetDependency;
			target = E1CFCE192971B9C5003A9095 /* DemoProject */;
			targetProxy = E1CFCE312971B9C6003A9095 /* PBXContainerItemProxy */;
		};
		E1CFCE3C2971B9C6003A9095 /* PBXTargetDependency */ = {
			isa = PBXTargetDependency;
			target = E1CFCE192971B9C5003A9095 /* DemoProject */;
			targetProxy = E1CFCE3B2971B9C6003A9095 /* PBXContainerItemProxy */;
		};
/* End PBXTargetDependency section */

/* Begin PBXVariantGroup section */
		E1CFCE282971B9C6003A9095 /* LaunchScreen.storyboard */ = {
			isa = PBXVariantGroup;
			children = (
				E1CFCE292971B9C6003A9095 /* Base */,
			);
			name = LaunchScreen.storyboard;
			sourceTree = "<group>";
		};
/* End PBXVariantGroup section */

/* Begin XCBuildConfiguration section */
		E1CFCE422971B9C6003A9095 /* Debug */ = {
			isa = XCBuildConfiguration;
			buildSettings = {
				ALWAYS_SEARCH_USER_PATHS = NO;
				CLANG_ANALYZER_NONNULL = YES;
				CLANG_ANALYZER_NUMBER_OBJECT_CONVERSION = YES_AGGRESSIVE;
				CLANG_CXX_LANGUAGE_STANDARD = "gnu++17";
				CLANG_ENABLE_MODULES = YES;
				CLANG_ENABLE_OBJC_ARC = YES;
				CLANG_ENABLE_OBJC_WEAK = YES;
				CLANG_WARN_BLOCK_CAPTURE_AUTORELEASING = YES;
				CLANG_WARN_BOOL_CONVERSION = YES;
				CLANG_WARN_COMMA = YES;
				CLANG_WARN_CONSTANT_CONVERSION = YES;
				CLANG_WARN_DEPRECATED_OBJC_IMPLEMENTATIONS = YES;
				CLANG_WARN_DIRECT_OBJC_ISA_USAGE = YES_ERROR;
				CLANG_WARN_DOCUMENTATION_COMMENTS = YES;
				CLANG_WARN_EMPTY_BODY = YES;
				CLANG_WARN_ENUM_CONVERSION = YES;
				CLANG_WARN_INFINITE_RECURSION = YES;
				CLANG_WARN_INT_CONVERSION = YES;
				CLANG_WARN_NON_LITERAL_NULL_CONVERSION = YES;
				CLANG_WARN_OBJC_IMPLICIT_RETAIN_SELF = YES;
				CLANG_WARN_OBJC_LITERAL_CONVERSION = YES;
				CLANG_WARN_OBJC_ROOT_CLASS = YES_ERROR;
				CLANG_WARN_QUOTED_INCLUDE_IN_FRAMEWORK_HEADER = YES;
				CLANG_WARN_RANGE_LOOP_ANALYSIS = YES;
				CLANG_WARN_STRICT_PROTOTYPES = YES;
				CLANG_WARN_SUSPICIOUS_MOVE = YES;
				CLANG_WARN_UNGUARDED_AVAILABILITY = YES_AGGRESSIVE;
				CLANG_WARN_UNREACHABLE_CODE = YES;
				CLANG_WARN__DUPLICATE_METHOD_MATCH = YES;
				COPY_PHASE_STRIP = NO;
				DEBUG_INFORMATION_FORMAT = dwarf;
				ENABLE_STRICT_OBJC_MSGSEND = YES;
				ENABLE_TESTABILITY = YES;
				GCC_C_LANGUAGE_STANDARD = gnu11;
				GCC_DYNAMIC_NO_PIC = NO;
				GCC_NO_COMMON_BLOCKS = YES;
				GCC_OPTIMIZATION_LEVEL = 0;
				GCC_PREPROCESSOR_DEFINITIONS = (
					"DEBUG=1",
					"$(inherited)",
				);
				GCC_WARN_64_TO_32_BIT_CONVERSION = YES;
				GCC_WARN_ABOUT_RETURN_TYPE = YES_ERROR;
				GCC_WARN_UNDECLARED_SELECTOR = YES;
				GCC_WARN_UNINITIALIZED_AUTOS = YES_AGGRESSIVE;
				GCC_WARN_UNUSED_FUNCTION = YES;
				GCC_WARN_UNUSED_VARIABLE = YES;
				INFOPLIST_KEY_UIMainStoryboardFile = "";
				IPHONEOS_DEPLOYMENT_TARGET = 12.0;
				MTL_ENABLE_DEBUG_INFO = INCLUDE_SOURCE;
				MTL_FAST_MATH = YES;
				ONLY_ACTIVE_ARCH = YES;
				SDKROOT = iphoneos;
				SWIFT_ACTIVE_COMPILATION_CONDITIONS = DEBUG;
				SWIFT_OPTIMIZATION_LEVEL = "-Onone";
			};
			name = Debug;
		};
		E1CFCE432971B9C6003A9095 /* Release */ = {
			isa = XCBuildConfiguration;
			buildSettings = {
				ALWAYS_SEARCH_USER_PATHS = NO;
				CLANG_ANALYZER_NONNULL = YES;
				CLANG_ANALYZER_NUMBER_OBJECT_CONVERSION = YES_AGGRESSIVE;
				CLANG_CXX_LANGUAGE_STANDARD = "gnu++17";
				CLANG_ENABLE_MODULES = YES;
				CLANG_ENABLE_OBJC_ARC = YES;
				CLANG_ENABLE_OBJC_WEAK = YES;
				CLANG_WARN_BLOCK_CAPTURE_AUTORELEASING = YES;
				CLANG_WARN_BOOL_CONVERSION = YES;
				CLANG_WARN_COMMA = YES;
				CLANG_WARN_CONSTANT_CONVERSION = YES;
				CLANG_WARN_DEPRECATED_OBJC_IMPLEMENTATIONS = YES;
				CLANG_WARN_DIRECT_OBJC_ISA_USAGE = YES_ERROR;
				CLANG_WARN_DOCUMENTATION_COMMENTS = YES;
				CLANG_WARN_EMPTY_BODY = YES;
				CLANG_WARN_ENUM_CONVERSION = YES;
				CLANG_WARN_INFINITE_RECURSION = YES;
				CLANG_WARN_INT_CONVERSION = YES;
				CLANG_WARN_NON_LITERAL_NULL_CONVERSION = YES;
				CLANG_WARN_OBJC_IMPLICIT_RETAIN_SELF = YES;
				CLANG_WARN_OBJC_LITERAL_CONVERSION = YES;
				CLANG_WARN_OBJC_ROOT_CLASS = YES_ERROR;
				CLANG_WARN_QUOTED_INCLUDE_IN_FRAMEWORK_HEADER = YES;
				CLANG_WARN_RANGE_LOOP_ANALYSIS = YES;
				CLANG_WARN_STRICT_PROTOTYPES = YES;
				CLANG_WARN_SUSPICIOUS_MOVE = YES;
				CLANG_WARN_UNGUARDED_AVAILABILITY = YES_AGGRESSIVE;
				CLANG_WARN_UNREACHABLE_CODE = YES;
				CLANG_WARN__DUPLICATE_METHOD_MATCH = YES;
				COPY_PHASE_STRIP = NO;
				DEBUG_INFORMATION_FORMAT = "dwarf-with-dsym";
				ENABLE_NS_ASSERTIONS = NO;
				ENABLE_STRICT_OBJC_MSGSEND = YES;
				GCC_C_LANGUAGE_STANDARD = gnu11;
				GCC_NO_COMMON_BLOCKS = YES;
				GCC_WARN_64_TO_32_BIT_CONVERSION = YES;
				GCC_WARN_ABOUT_RETURN_TYPE = YES_ERROR;
				GCC_WARN_UNDECLARED_SELECTOR = YES;
				GCC_WARN_UNINITIALIZED_AUTOS = YES_AGGRESSIVE;
				GCC_WARN_UNUSED_FUNCTION = YES;
				GCC_WARN_UNUSED_VARIABLE = YES;
				INFOPLIST_KEY_UIMainStoryboardFile = "";
				IPHONEOS_DEPLOYMENT_TARGET = 12.0;
				MTL_ENABLE_DEBUG_INFO = NO;
				MTL_FAST_MATH = YES;
				SDKROOT = iphoneos;
				SWIFT_COMPILATION_MODE = wholemodule;
				SWIFT_OPTIMIZATION_LEVEL = "-O";
				VALIDATE_PRODUCT = YES;
			};
			name = Release;
		};
		E1CFCE452971B9C6003A9095 /* Debug */ = {
			isa = XCBuildConfiguration;
			baseConfigurationReference = F5C7E69F5F92A4135D15F195 /* Pods-DemoProject.debug.xcconfig */;
			buildSettings = {
				ASSETCATALOG_COMPILER_APPICON_NAME = AppIcon;
				ASSETCATALOG_COMPILER_GLOBAL_ACCENT_COLOR_NAME = AccentColor;
				CODE_SIGN_STYLE = Automatic;
				CURRENT_PROJECT_VERSION = 1;
				DEVELOPMENT_TEAM = CSK3Y2RA2T;
				GENERATE_INFOPLIST_FILE = YES;
				INFOPLIST_FILE = DemoProject/Info.plist;
				INFOPLIST_KEY_UIApplicationSupportsIndirectInputEvents = YES;
				INFOPLIST_KEY_UILaunchStoryboardName = LaunchScreen;
				INFOPLIST_KEY_UISupportedInterfaceOrientations = UIInterfaceOrientationPortrait;
				INFOPLIST_KEY_UISupportedInterfaceOrientations_iPad = "UIInterfaceOrientationPortrait UIInterfaceOrientationPortraitUpsideDown UIInterfaceOrientationLandscapeLeft UIInterfaceOrientationLandscapeRight";
				INFOPLIST_KEY_UISupportedInterfaceOrientations_iPhone = "UIInterfaceOrientationPortrait UIInterfaceOrientationLandscapeLeft UIInterfaceOrientationLandscapeRight";
				LD_RUNPATH_SEARCH_PATHS = (
					"$(inherited)",
					"@executable_path/Frameworks",
				);
				MARKETING_VERSION = 1.0;
				PRODUCT_BUNDLE_IDENTIFIER = cartrack.DemoProject;
				PRODUCT_NAME = "$(TARGET_NAME)";
				SWIFT_EMIT_LOC_STRINGS = YES;
				SWIFT_VERSION = 5.0;
				TARGETED_DEVICE_FAMILY = "1,2";
			};
			name = Debug;
		};
		E1CFCE462971B9C6003A9095 /* Release */ = {
			isa = XCBuildConfiguration;
			baseConfigurationReference = F1FC5420470D3B4A20CECA4F /* Pods-DemoProject.release.xcconfig */;
			buildSettings = {
				ASSETCATALOG_COMPILER_APPICON_NAME = AppIcon;
				ASSETCATALOG_COMPILER_GLOBAL_ACCENT_COLOR_NAME = AccentColor;
				CODE_SIGN_STYLE = Automatic;
				CURRENT_PROJECT_VERSION = 1;
				DEVELOPMENT_TEAM = CSK3Y2RA2T;
				GENERATE_INFOPLIST_FILE = YES;
				INFOPLIST_FILE = DemoProject/Info.plist;
				INFOPLIST_KEY_UIApplicationSupportsIndirectInputEvents = YES;
				INFOPLIST_KEY_UILaunchStoryboardName = LaunchScreen;
				INFOPLIST_KEY_UISupportedInterfaceOrientations = UIInterfaceOrientationPortrait;
				INFOPLIST_KEY_UISupportedInterfaceOrientations_iPad = "UIInterfaceOrientationPortrait UIInterfaceOrientationPortraitUpsideDown UIInterfaceOrientationLandscapeLeft UIInterfaceOrientationLandscapeRight";
				INFOPLIST_KEY_UISupportedInterfaceOrientations_iPhone = "UIInterfaceOrientationPortrait UIInterfaceOrientationLandscapeLeft UIInterfaceOrientationLandscapeRight";
				LD_RUNPATH_SEARCH_PATHS = (
					"$(inherited)",
					"@executable_path/Frameworks",
				);
				MARKETING_VERSION = 1.0;
				PRODUCT_BUNDLE_IDENTIFIER = cartrack.DemoProject;
				PRODUCT_NAME = "$(TARGET_NAME)";
				SWIFT_EMIT_LOC_STRINGS = YES;
				SWIFT_VERSION = 5.0;
				TARGETED_DEVICE_FAMILY = "1,2";
			};
			name = Release;
		};
		E1CFCE482971B9C6003A9095 /* Debug */ = {
			isa = XCBuildConfiguration;
			baseConfigurationReference = 6C6610221A436AC114692CF2 /* Pods-DemoProjectTests.debug.xcconfig */;
			buildSettings = {
				ALWAYS_EMBED_SWIFT_STANDARD_LIBRARIES = YES;
				BUNDLE_LOADER = "$(TEST_HOST)";
				CODE_SIGN_STYLE = Automatic;
				CURRENT_PROJECT_VERSION = 1;
				DEVELOPMENT_TEAM = CSK3Y2RA2T;
				GENERATE_INFOPLIST_FILE = YES;
				IPHONEOS_DEPLOYMENT_TARGET = 15.5;
				MARKETING_VERSION = 1.0;
				PRODUCT_BUNDLE_IDENTIFIER = cartrack.DemoProjectTests;
				PRODUCT_NAME = "$(TARGET_NAME)";
				SWIFT_EMIT_LOC_STRINGS = NO;
				SWIFT_VERSION = 5.0;
				TARGETED_DEVICE_FAMILY = "1,2";
				TEST_HOST = "$(BUILT_PRODUCTS_DIR)/DemoProject.app/DemoProject";
			};
			name = Debug;
		};
		E1CFCE492971B9C6003A9095 /* Release */ = {
			isa = XCBuildConfiguration;
			baseConfigurationReference = F45BCD8878F5F831597C26D4 /* Pods-DemoProjectTests.release.xcconfig */;
			buildSettings = {
				ALWAYS_EMBED_SWIFT_STANDARD_LIBRARIES = YES;
				BUNDLE_LOADER = "$(TEST_HOST)";
				CODE_SIGN_STYLE = Automatic;
				CURRENT_PROJECT_VERSION = 1;
				DEVELOPMENT_TEAM = CSK3Y2RA2T;
				GENERATE_INFOPLIST_FILE = YES;
				IPHONEOS_DEPLOYMENT_TARGET = 15.5;
				MARKETING_VERSION = 1.0;
				PRODUCT_BUNDLE_IDENTIFIER = cartrack.DemoProjectTests;
				PRODUCT_NAME = "$(TARGET_NAME)";
				SWIFT_EMIT_LOC_STRINGS = NO;
				SWIFT_VERSION = 5.0;
				TARGETED_DEVICE_FAMILY = "1,2";
				TEST_HOST = "$(BUILT_PRODUCTS_DIR)/DemoProject.app/DemoProject";
			};
			name = Release;
		};
		E1CFCE4B2971B9C6003A9095 /* Debug */ = {
			isa = XCBuildConfiguration;
			baseConfigurationReference = 6E6CDDDB72D6B65D0DA0FA70 /* Pods-DemoProjectUITests.debug.xcconfig */;
			buildSettings = {
				ALWAYS_EMBED_SWIFT_STANDARD_LIBRARIES = YES;
				CODE_SIGN_STYLE = Automatic;
				CURRENT_PROJECT_VERSION = 1;
				DEVELOPMENT_TEAM = CSK3Y2RA2T;
				GENERATE_INFOPLIST_FILE = YES;
				MARKETING_VERSION = 1.0;
				PRODUCT_BUNDLE_IDENTIFIER = cartrack.DemoProjectUITests;
				PRODUCT_NAME = "$(TARGET_NAME)";
				SWIFT_EMIT_LOC_STRINGS = NO;
				SWIFT_VERSION = 5.0;
				TARGETED_DEVICE_FAMILY = "1,2";
				TEST_TARGET_NAME = DemoProject;
			};
			name = Debug;
		};
		E1CFCE4C2971B9C6003A9095 /* Release */ = {
			isa = XCBuildConfiguration;
			baseConfigurationReference = 271785EED26851080AE6FBA4 /* Pods-DemoProjectUITests.release.xcconfig */;
			buildSettings = {
				ALWAYS_EMBED_SWIFT_STANDARD_LIBRARIES = YES;
				CODE_SIGN_STYLE = Automatic;
				CURRENT_PROJECT_VERSION = 1;
				DEVELOPMENT_TEAM = CSK3Y2RA2T;
				GENERATE_INFOPLIST_FILE = YES;
				MARKETING_VERSION = 1.0;
				PRODUCT_BUNDLE_IDENTIFIER = cartrack.DemoProjectUITests;
				PRODUCT_NAME = "$(TARGET_NAME)";
				SWIFT_EMIT_LOC_STRINGS = NO;
				SWIFT_VERSION = 5.0;
				TARGETED_DEVICE_FAMILY = "1,2";
				TEST_TARGET_NAME = DemoProject;
			};
			name = Release;
		};
/* End XCBuildConfiguration section */

/* Begin XCConfigurationList section */
		E1CFCE152971B9C5003A9095 /* Build configuration list for PBXProject "DemoProject" */ = {
			isa = XCConfigurationList;
			buildConfigurations = (
				E1CFCE422971B9C6003A9095 /* Debug */,
				E1CFCE432971B9C6003A9095 /* Release */,
			);
			defaultConfigurationIsVisible = 0;
			defaultConfigurationName = Release;
		};
		E1CFCE442971B9C6003A9095 /* Build configuration list for PBXNativeTarget "DemoProject" */ = {
			isa = XCConfigurationList;
			buildConfigurations = (
				E1CFCE452971B9C6003A9095 /* Debug */,
				E1CFCE462971B9C6003A9095 /* Release */,
			);
			defaultConfigurationIsVisible = 0;
			defaultConfigurationName = Release;
		};
		E1CFCE472971B9C6003A9095 /* Build configuration list for PBXNativeTarget "DemoProjectTests" */ = {
			isa = XCConfigurationList;
			buildConfigurations = (
				E1CFCE482971B9C6003A9095 /* Debug */,
				E1CFCE492971B9C6003A9095 /* Release */,
			);
			defaultConfigurationIsVisible = 0;
			defaultConfigurationName = Release;
		};
		E1CFCE4A2971B9C6003A9095 /* Build configuration list for PBXNativeTarget "DemoProjectUITests" */ = {
			isa = XCConfigurationList;
			buildConfigurations = (
				E1CFCE4B2971B9C6003A9095 /* Debug */,
				E1CFCE4C2971B9C6003A9095 /* Release */,
			);
			defaultConfigurationIsVisible = 0;
			defaultConfigurationName = Release;
		};
/* End XCConfigurationList section */
	};
	rootObject = E1CFCE122971B9C5003A9095 /* Project object */;
}
